
Microsoft Visual Studio Solution File, Format Version 12.00
# Visual Studio Version 17
VisualStudioVersion = 17.0.31903.59
MinimumVisualStudioVersion = 10.0.40219.1
Project("{6EC3EE1D-3C4E-46DD-8F32-0CC8E7565705}") = "PlanningPoker", "PlanningPoker\PlanningPoker.fsproj", "{B7C985AA-1EAB-46C9-93EA-519369A77940}"
EndProject
Project("{9A19103F-16F7-4668-BE54-9A1E7A4F7556}") = "Grains", "Grains\Grains.csproj", "{B94CF762-30FA-434F-B115-A6C450BB63D4}"
EndProject
Project("{9A19103F-16F7-4668-BE54-9A1E7A4F7556}") = "GrainInterfaces", "GrainInterfaces\GrainInterfaces.csproj", "{249C87D7-85A0-485A-9E3B-AA7D9008E91C}"
EndProject
Project("{6EC3EE1D-3C4E-46DD-8F32-0CC8E7565705}") = "Gateway", "Gateway\Gateway.fsproj", "{B8E72629-8366-4A8C-9DB2-6A093CDC1495}"
EndProject
Project("{6EC3EE1D-3C4E-46DD-8F32-0CC8E7565705}") = "Tests", "Tests\Tests.fsproj", "{8DBDCC09-31C9-43BB-9B48-E90E811370CA}"
EndProject
Project("{6EC3EE1D-3C4E-46DD-8F32-0CC8E7565705}") = "IntegrationTests", "IntegrationTests\IntegrationTests.fsproj", "{935A09D5-F9D2-4C7B-ACC8-62A24A8A3DEF}"
EndProject
Project("{F2A71F9B-5D33-465A-A702-920D77279786}") = "Api", "Api\Api.fsproj", "{EC71179B-8381-4334-A2F9-C0919495DDE6}"
EndProject
Project("{FAE04EC0-301F-11D3-BF4B-00C04F79EFBC}") = "Databases", "Databases\Databases.csproj", "{CAC29831-3CF9-4BCB-8B6D-11195AD9781E}"
EndProject
Global
	GlobalSection(SolutionConfigurationPlatforms) = preSolution
		Debug|Any CPU = Debug|Any CPU
		Release|Any CPU = Release|Any CPU
	EndGlobalSection
	GlobalSection(ProjectConfigurationPlatforms) = postSolution
		{B7C985AA-1EAB-46C9-93EA-519369A77940}.Debug|Any CPU.ActiveCfg = Debug|Any CPU
		{B7C985AA-1EAB-46C9-93EA-519369A77940}.Debug|Any CPU.Build.0 = Debug|Any CPU
		{B7C985AA-1EAB-46C9-93EA-519369A77940}.Release|Any CPU.ActiveCfg = Release|Any CPU
		{B7C985AA-1EAB-46C9-93EA-519369A77940}.Release|Any CPU.Build.0 = Release|Any CPU
		{B94CF762-30FA-434F-B115-A6C450BB63D4}.Debug|Any CPU.ActiveCfg = Debug|Any CPU
		{B94CF762-30FA-434F-B115-A6C450BB63D4}.Debug|Any CPU.Build.0 = Debug|Any CPU
		{B94CF762-30FA-434F-B115-A6C450BB63D4}.Release|Any CPU.ActiveCfg = Release|Any CPU
		{B94CF762-30FA-434F-B115-A6C450BB63D4}.Release|Any CPU.Build.0 = Release|Any CPU
		{249C87D7-85A0-485A-9E3B-AA7D9008E91C}.Debug|Any CPU.ActiveCfg = Debug|Any CPU
		{249C87D7-85A0-485A-9E3B-AA7D9008E91C}.Debug|Any CPU.Build.0 = Debug|Any CPU
		{249C87D7-85A0-485A-9E3B-AA7D9008E91C}.Release|Any CPU.ActiveCfg = Release|Any CPU
		{249C87D7-85A0-485A-9E3B-AA7D9008E91C}.Release|Any CPU.Build.0 = Release|Any CPU
		{B8E72629-8366-4A8C-9DB2-6A093CDC1495}.Debug|Any CPU.ActiveCfg = Debug|Any CPU
		{B8E72629-8366-4A8C-9DB2-6A093CDC1495}.Debug|Any CPU.Build.0 = Debug|Any CPU
		{B8E72629-8366-4A8C-9DB2-6A093CDC1495}.Release|Any CPU.ActiveCfg = Release|Any CPU
		{B8E72629-8366-4A8C-9DB2-6A093CDC1495}.Release|Any CPU.Build.0 = Release|Any CPU
		{8DBDCC09-31C9-43BB-9B48-E90E811370CA}.Debug|Any CPU.ActiveCfg = Debug|Any CPU
		{8DBDCC09-31C9-43BB-9B48-E90E811370CA}.Debug|Any CPU.Build.0 = Debug|Any CPU
		{8DBDCC09-31C9-43BB-9B48-E90E811370CA}.Release|Any CPU.ActiveCfg = Release|Any CPU
		{8DBDCC09-31C9-43BB-9B48-E90E811370CA}.Release|Any CPU.Build.0 = Release|Any CPU
		{935A09D5-F9D2-4C7B-ACC8-62A24A8A3DEF}.Debug|Any CPU.ActiveCfg = Debug|Any CPU
		{935A09D5-F9D2-4C7B-ACC8-62A24A8A3DEF}.Debug|Any CPU.Build.0 = Debug|Any CPU
		{935A09D5-F9D2-4C7B-ACC8-62A24A8A3DEF}.Release|Any CPU.ActiveCfg = Release|Any CPU
		{935A09D5-F9D2-4C7B-ACC8-62A24A8A3DEF}.Release|Any CPU.Build.0 = Release|Any CPU
		{EC71179B-8381-4334-A2F9-C0919495DDE6}.Debug|Any CPU.ActiveCfg = Debug|Any CPU
		{EC71179B-8381-4334-A2F9-C0919495DDE6}.Debug|Any CPU.Build.0 = Debug|Any CPU
		{EC71179B-8381-4334-A2F9-C0919495DDE6}.Release|Any CPU.ActiveCfg = Release|Any CPU
		{EC71179B-8381-4334-A2F9-C0919495DDE6}.Release|Any CPU.Build.0 = Release|Any CPU
		{CAC29831-3CF9-4BCB-8B6D-11195AD9781E}.Debug|Any CPU.ActiveCfg = Debug|Any CPU
		{CAC29831-3CF9-4BCB-8B6D-11195AD9781E}.Debug|Any CPU.Build.0 = Debug|Any CPU
		{CAC29831-3CF9-4BCB-8B6D-11195AD9781E}.Release|Any CPU.ActiveCfg = Release|Any CPU
		{CAC29831-3CF9-4BCB-8B6D-11195AD9781E}.Release|Any CPU.Build.0 = Release|Any CPU
	EndGlobalSection
	GlobalSection(SolutionProperties) = preSolution
		HideSolutionNode = FALSE
	EndGlobalSection
	GlobalSection(ExtensibilityGlobals) = postSolution
		SolutionGuid = {B99443E9-A75D-4322-A7F3-EB1CBFF44640}
	EndGlobalSection
EndGlobal
