
Microsoft Visual Studio Solution File, Format Version 12.00
Project("{F2A71F9B-5D33-465A-A702-920D77279786}") = "PlanningPoker", "PlanningPoker\PlanningPoker.fsproj", "{B7C985AA-1EAB-46C9-93EA-519369A77940}"
EndProject
Project("{FAE04EC0-301F-11D3-BF4B-00C04F79EFBC}") = "Grains", "Grains\Grains.csproj", "{B94CF762-30FA-434F-B115-A6C450BB63D4}"
EndProject
Project("{FAE04EC0-301F-11D3-BF4B-00C04F79EFBC}") = "GrainInterfaces", "GrainInterfaces\GrainInterfaces.csproj", "{249C87D7-85A0-485A-9E3B-AA7D9008E91C}"
EndProject
Project("{FAE04EC0-301F-11D3-BF4B-00C04F79EFBC}") = "WebApi", "WebApi\WebApi.csproj", "{690CE7EA-8716-4B2E-B931-6BEE5FE3A8F4}"
EndProject
Project("{F2A71F9B-5D33-465A-A702-920D77279786}") = "Gateway", "Gateway\Gateway.fsproj", "{B8E72629-8366-4A8C-9DB2-6A093CDC1495}"
EndProject
Project("{F2A71F9B-5D33-465A-A702-920D77279786}") = "EventsDelivery", "EventsDelivery\EventsDelivery.fsproj", "{AB1CD715-1060-4F14-A206-C2B083EFBB2A}"
EndProject
Project("{F2A71F9B-5D33-465A-A702-920D77279786}") = "Tests", "Tests\Tests.fsproj", "{8DBDCC09-31C9-43BB-9B48-E90E811370CA}"
EndProject
Project("{F2A71F9B-5D33-465A-A702-920D77279786}") = "IntegrationTests", "IntegrationTests\IntegrationTests.fsproj", "{935A09D5-F9D2-4C7B-ACC8-62A24A8A3DEF}"
EndProject
Global
	GlobalSection(SolutionConfigurationPlatforms) = preSolution
		Debug|Any CPU = Debug|Any CPU
		Release|Any CPU = Release|Any CPU
	EndGlobalSection
	GlobalSection(ProjectConfigurationPlatforms) = postSolution
		{B7C985AA-1EAB-46C9-93EA-519369A77940}.Debug|Any CPU.ActiveCfg = Debug|Any CPU
		{B7C985AA-1EAB-46C9-93EA-519369A77940}.Debug|Any CPU.Build.0 = Debug|Any CPU
		{B7C985AA-1EAB-46C9-93EA-519369A77940}.Release|Any CPU.ActiveCfg = Release|Any CPU
		{B7C985AA-1EAB-46C9-93EA-519369A77940}.Release|Any CPU.Build.0 = Release|Any CPU
		{B94CF762-30FA-434F-B115-A6C450BB63D4}.Debug|Any CPU.ActiveCfg = Debug|Any CPU
		{B94CF762-30FA-434F-B115-A6C450BB63D4}.Debug|Any CPU.Build.0 = Debug|Any CPU
		{B94CF762-30FA-434F-B115-A6C450BB63D4}.Release|Any CPU.ActiveCfg = Release|Any CPU
		{B94CF762-30FA-434F-B115-A6C450BB63D4}.Release|Any CPU.Build.0 = Release|Any CPU
		{249C87D7-85A0-485A-9E3B-AA7D9008E91C}.Debug|Any CPU.ActiveCfg = Debug|Any CPU
		{249C87D7-85A0-485A-9E3B-AA7D9008E91C}.Debug|Any CPU.Build.0 = Debug|Any CPU
		{249C87D7-85A0-485A-9E3B-AA7D9008E91C}.Release|Any CPU.ActiveCfg = Release|Any CPU
		{249C87D7-85A0-485A-9E3B-AA7D9008E91C}.Release|Any CPU.Build.0 = Release|Any CPU
		{690CE7EA-8716-4B2E-B931-6BEE5FE3A8F4}.Debug|Any CPU.ActiveCfg = Debug|Any CPU
		{690CE7EA-8716-4B2E-B931-6BEE5FE3A8F4}.Debug|Any CPU.Build.0 = Debug|Any CPU
		{690CE7EA-8716-4B2E-B931-6BEE5FE3A8F4}.Release|Any CPU.ActiveCfg = Release|Any CPU
		{690CE7EA-8716-4B2E-B931-6BEE5FE3A8F4}.Release|Any CPU.Build.0 = Release|Any CPU
		{B8E72629-8366-4A8C-9DB2-6A093CDC1495}.Debug|Any CPU.ActiveCfg = Debug|Any CPU
		{B8E72629-8366-4A8C-9DB2-6A093CDC1495}.Debug|Any CPU.Build.0 = Debug|Any CPU
		{B8E72629-8366-4A8C-9DB2-6A093CDC1495}.Release|Any CPU.ActiveCfg = Release|Any CPU
		{B8E72629-8366-4A8C-9DB2-6A093CDC1495}.Release|Any CPU.Build.0 = Release|Any CPU
		{AB1CD715-1060-4F14-A206-C2B083EFBB2A}.Debug|Any CPU.ActiveCfg = Debug|Any CPU
		{AB1CD715-1060-4F14-A206-C2B083EFBB2A}.Debug|Any CPU.Build.0 = Debug|Any CPU
		{AB1CD715-1060-4F14-A206-C2B083EFBB2A}.Release|Any CPU.ActiveCfg = Release|Any CPU
		{AB1CD715-1060-4F14-A206-C2B083EFBB2A}.Release|Any CPU.Build.0 = Release|Any CPU
		{8DBDCC09-31C9-43BB-9B48-E90E811370CA}.Debug|Any CPU.ActiveCfg = Debug|Any CPU
		{8DBDCC09-31C9-43BB-9B48-E90E811370CA}.Debug|Any CPU.Build.0 = Debug|Any CPU
		{8DBDCC09-31C9-43BB-9B48-E90E811370CA}.Release|Any CPU.ActiveCfg = Release|Any CPU
		{8DBDCC09-31C9-43BB-9B48-E90E811370CA}.Release|Any CPU.Build.0 = Release|Any CPU
		{935A09D5-F9D2-4C7B-ACC8-62A24A8A3DEF}.Debug|Any CPU.ActiveCfg = Debug|Any CPU
		{935A09D5-F9D2-4C7B-ACC8-62A24A8A3DEF}.Debug|Any CPU.Build.0 = Debug|Any CPU
		{935A09D5-F9D2-4C7B-ACC8-62A24A8A3DEF}.Release|Any CPU.ActiveCfg = Release|Any CPU
		{935A09D5-F9D2-4C7B-ACC8-62A24A8A3DEF}.Release|Any CPU.Build.0 = Release|Any CPU
	EndGlobalSection
EndGlobal
